
Microsoft Visual Studio Solution File, Format Version 12.00
# Visual Studio Version 16
VisualStudioVersion = 16.0.31424.327
MinimumVisualStudioVersion = 10.0.40219.1
Project("{9A19103F-16F7-4668-BE54-9A1E7A4F7556}") = "AspNetCoreDashboardBackend", "AspNetCoreDashboardBackend.csproj", "{966CF22C-466D-464B-8ED1-2A9D5710B866}"
EndProject
Global
	GlobalSection(SolutionConfigurationPlatforms) = preSolution
		Debug|Any CPU = Debug|Any CPU
		Release|Any CPU = Release|Any CPU
	EndGlobalSection
	GlobalSection(ProjectConfigurationPlatforms) = postSolution
		{966CF22C-466D-464B-8ED1-2A9D5710B866}.Debug|Any CPU.ActiveCfg = Debug|Any CPU
		{966CF22C-466D-464B-8ED1-2A9D5710B866}.Debug|Any CPU.Build.0 = Debug|Any CPU
		{966CF22C-466D-464B-8ED1-2A9D5710B866}.Release|Any CPU.ActiveCfg = Release|Any CPU
		{966CF22C-466D-464B-8ED1-2A9D5710B866}.Release|Any CPU.Build.0 = Release|Any CPU
	EndGlobalSection
	GlobalSection(SolutionProperties) = preSolution
		HideSolutionNode = FALSE
	EndGlobalSection
	GlobalSection(ExtensibilityGlobals) = postSolution
		SolutionGuid = {0E7A7345-D60A-449B-A8CE-D423CC94AFB1}
	EndGlobalSection
EndGlobal
